
Microsoft Visual Studio Solution File, Format Version 12.00
# Visual Studio 15
VisualStudioVersion = 15.0.27703.2035
MinimumVisualStudioVersion = 10.0.40219.1
Project("{FAE04EC0-301F-11D3-BF4B-00C04F79EFBC}") = "Practica2.3", "Practica2.3\Practica2.3.csproj", "{7C18D9FC-7A1E-4C53-AFFA-3121570DA118}"
EndProject
Global
	GlobalSection(SolutionConfigurationPlatforms) = preSolution
		Debug|Any CPU = Debug|Any CPU
		Release|Any CPU = Release|Any CPU
	EndGlobalSection
	GlobalSection(ProjectConfigurationPlatforms) = postSolution
		{7C18D9FC-7A1E-4C53-AFFA-3121570DA118}.Debug|Any CPU.ActiveCfg = Debug|Any CPU
		{7C18D9FC-7A1E-4C53-AFFA-3121570DA118}.Debug|Any CPU.Build.0 = Debug|Any CPU
		{7C18D9FC-7A1E-4C53-AFFA-3121570DA118}.Release|Any CPU.ActiveCfg = Release|Any CPU
		{7C18D9FC-7A1E-4C53-AFFA-3121570DA118}.Release|Any CPU.Build.0 = Release|Any CPU
	EndGlobalSection
	GlobalSection(SolutionProperties) = preSolution
		HideSolutionNode = FALSE
	EndGlobalSection
	GlobalSection(ExtensibilityGlobals) = postSolution
		SolutionGuid = {EAFDF3B0-AB6D-428B-A75F-3F179EAE0E79}
	EndGlobalSection
EndGlobal
